
Microsoft Visual Studio Solution File, Format Version 12.00
# Visual Studio Version 17
VisualStudioVersion = 17.11.35222.181
MinimumVisualStudioVersion = 10.0.40219.1
Project("{FAE04EC0-301F-11D3-BF4B-00C04F79EFBC}") = "MyExcelMAUIApp", "MyExcelMAUIApp\MyExcelMAUIApp.csproj", "{57453051-E586-4C1C-B72D-FEB80FD801AD}"
EndProject
Global
	GlobalSection(SolutionConfigurationPlatforms) = preSolution
		Debug|Any CPU = Debug|Any CPU
		Release|Any CPU = Release|Any CPU
	EndGlobalSection
	GlobalSection(ProjectConfigurationPlatforms) = postSolution
		{57453051-E586-4C1C-B72D-FEB80FD801AD}.Debug|Any CPU.ActiveCfg = Debug|Any CPU
		{57453051-E586-4C1C-B72D-FEB80FD801AD}.Debug|Any CPU.Build.0 = Debug|Any CPU
		{57453051-E586-4C1C-B72D-FEB80FD801AD}.Debug|Any CPU.Deploy.0 = Debug|Any CPU
		{57453051-E586-4C1C-B72D-FEB80FD801AD}.Release|Any CPU.ActiveCfg = Release|Any CPU
		{57453051-E586-4C1C-B72D-FEB80FD801AD}.Release|Any CPU.Build.0 = Release|Any CPU
		{57453051-E586-4C1C-B72D-FEB80FD801AD}.Release|Any CPU.Deploy.0 = Release|Any CPU
	EndGlobalSection
	GlobalSection(SolutionProperties) = preSolution
		HideSolutionNode = FALSE
	EndGlobalSection
	GlobalSection(ExtensibilityGlobals) = postSolution
		SolutionGuid = {5B52B1BE-26B2-4E3C-9545-9791C6C4D0DB}
	EndGlobalSection
EndGlobal
